{
  "name": "PELICULAS_FLASK_MONGOENGINE",
  "lockfileVersion": 3,
  "requires": true,
  "packages": {
    "": {
      "dependencies": {
        "choice": "^2.0.2",
        "datatables.net-dt": "^2.2.2",
        "secrets": "^1.1.5"
      }
    },
    "node_modules/choice": {
      "version": "2.0.2",
      "resolved": "https://registry.npmjs.org/choice/-/choice-2.0.2.tgz",
      "integrity": "sha512-cIJ/uuncseWRKCuSpkbQWK0m+NMTdhdWRflr1G8jYnv+8WpSp16NXiHiTUEM7arMkALO24wXUJj4Lh9glURlnw==",
      "license": "MIT"
    },
    "node_modules/datatables.net": {
      "version": "2.2.2",
      "resolved": "https://registry.npmjs.org/datatables.net/-/datatables.net-2.2.2.tgz",
      "integrity": "sha512-gfODIKE3gpgbVeZy2QGj2Dq9roO6hy00S+k1knklrqlMyAMrh1wt0Q6ryBUM7gU96U77ysbq8dYhxFdmcC/oPQ==",
      "license": "MIT",
      "dependencies": {
        "jquery": ">=1.7"
      }
    },
    "node_modules/datatables.net-dt": {
      "version": "2.2.2",
      "resolved": "https://registry.npmjs.org/datatables.net-dt/-/datatables.net-dt-2.2.2.tgz",
      "integrity": "sha512-Qfe9g/E3yAPTHoDASc1J0r5Yx++3Y3VdcEOFCupvfGJ8LhRrreebUC70UYEzO8vPOKnkutoRanW/VBMRIbXKXA==",
      "license": "MIT",
      "dependencies": {
        "datatables.net": "2.2.2",
        "jquery": ">=1.7"
      }
    },
    "node_modules/jquery": {
      "version": "3.7.1",
      "resolved": "https://registry.npmjs.org/jquery/-/jquery-3.7.1.tgz",
      "integrity": "sha512-m4avr8yL8kmFN8psrbFFFmB/If14iN5o9nw/NgnnM+kybDJpRsAynV2BsfpTYrTRysYUdADVD7CkUUizgkpLfg==",
      "license": "MIT"
    },
    "node_modules/secrets": {
      "version": "1.1.5",
      "resolved": "https://registry.npmjs.org/secrets/-/secrets-1.1.5.tgz",
      "integrity": "sha512-mRLug8yiqc+UzRYBq7F9e3d8HY/h1/8uMcGNmGUXcPBuC2x4njkPAaZc04+iOYaaapWRUU2M5tJTeq5Q6zCbIg==",
      "license": "MIT"
    }
  }
}
